
Microsoft Visual Studio Solution File, Format Version 12.00
# Visual Studio Version 17
VisualStudioVersion = 17.0.31903.59
MinimumVisualStudioVersion = 10.0.40219.1
Project("{2150E333-8FDC-42A3-9474-1A3956D46DE8}") = "src", "src", "{827E0CD3-B72D-47B6-A68D-7590B98EB39B}"
	ProjectSection(SolutionItems) = preProject
		Directory.Build.props = Directory.Build.props
	EndProjectSection
EndProject
Project("{FAE04EC0-301F-11D3-BF4B-00C04F79EFBC}") = "NewsApp.Application", "src\NewsApp.Application\NewsApp.Application.csproj", "{4F4DF619-8EED-4FFE-B9FC-C21513266C40}"
EndProject
Project("{FAE04EC0-301F-11D3-BF4B-00C04F79EFBC}") = "NewsApp.Domain", "src\NewsApp.Domain\NewsApp.Domain.csproj", "{1E59CCA1-9156-4F4A-92A6-BE1EF5EFBE29}"
EndProject
Project("{FAE04EC0-301F-11D3-BF4B-00C04F79EFBC}") = "NewsApp.Infrastructure", "src\NewsApp.Infrastructure\NewsApp.Infrastructure.csproj", "{0F6C8AC0-1DAB-4E8D-B6F4-76DE298327F4}"
EndProject
Project("{FAE04EC0-301F-11D3-BF4B-00C04F79EFBC}") = "NewsApp.Web", "src\NewsApp.Web\NewsApp.Web.csproj", "{27B5F324-2109-4632-87A2-9BDD83B51EED}"
EndProject
Project("{2150E333-8FDC-42A3-9474-1A3956D46DE8}") = "tests", "tests", "{0AB3BF05-4346-4AA6-1389-037BE0695223}"
EndProject
Project("{FAE04EC0-301F-11D3-BF4B-00C04F79EFBC}") = "NewsApp.Tests", "tests\NewsApp.Tests\NewsApp.Tests.csproj", "{1DC7EC58-D61D-400F-A7A2-022F37C39EEA}"
EndProject
Project("{FAE04EC0-301F-11D3-BF4B-00C04F79EFBC}") = "NewsApp.Mobile", "src\NewsApp.Mobile\NewsApp.Mobile.csproj", "{C94EB117-6348-4432-920A-169DB5133271}"
EndProject
Global
	GlobalSection(SolutionConfigurationPlatforms) = preSolution
		Debug|Any CPU = Debug|Any CPU
		Debug|x64 = Debug|x64
		Debug|x86 = Debug|x86
		Release|Any CPU = Release|Any CPU
		Release|x64 = Release|x64
		Release|x86 = Release|x86
	EndGlobalSection
	GlobalSection(ProjectConfigurationPlatforms) = postSolution
		{4F4DF619-8EED-4FFE-B9FC-C21513266C40}.Debug|Any CPU.ActiveCfg = Debug|Any CPU
		{4F4DF619-8EED-4FFE-B9FC-C21513266C40}.Debug|Any CPU.Build.0 = Debug|Any CPU
		{4F4DF619-8EED-4FFE-B9FC-C21513266C40}.Debug|x64.ActiveCfg = Debug|Any CPU
		{4F4DF619-8EED-4FFE-B9FC-C21513266C40}.Debug|x64.Build.0 = Debug|Any CPU
		{4F4DF619-8EED-4FFE-B9FC-C21513266C40}.Debug|x86.ActiveCfg = Debug|Any CPU
		{4F4DF619-8EED-4FFE-B9FC-C21513266C40}.Debug|x86.Build.0 = Debug|Any CPU
		{4F4DF619-8EED-4FFE-B9FC-C21513266C40}.Release|Any CPU.ActiveCfg = Release|Any CPU
		{4F4DF619-8EED-4FFE-B9FC-C21513266C40}.Release|Any CPU.Build.0 = Release|Any CPU
		{4F4DF619-8EED-4FFE-B9FC-C21513266C40}.Release|x64.ActiveCfg = Release|Any CPU
		{4F4DF619-8EED-4FFE-B9FC-C21513266C40}.Release|x64.Build.0 = Release|Any CPU
		{4F4DF619-8EED-4FFE-B9FC-C21513266C40}.Release|x86.ActiveCfg = Release|Any CPU
		{4F4DF619-8EED-4FFE-B9FC-C21513266C40}.Release|x86.Build.0 = Release|Any CPU
		{1E59CCA1-9156-4F4A-92A6-BE1EF5EFBE29}.Debug|Any CPU.ActiveCfg = Debug|Any CPU
		{1E59CCA1-9156-4F4A-92A6-BE1EF5EFBE29}.Debug|Any CPU.Build.0 = Debug|Any CPU
		{1E59CCA1-9156-4F4A-92A6-BE1EF5EFBE29}.Debug|x64.ActiveCfg = Debug|Any CPU
		{1E59CCA1-9156-4F4A-92A6-BE1EF5EFBE29}.Debug|x64.Build.0 = Debug|Any CPU
		{1E59CCA1-9156-4F4A-92A6-BE1EF5EFBE29}.Debug|x86.ActiveCfg = Debug|Any CPU
		{1E59CCA1-9156-4F4A-92A6-BE1EF5EFBE29}.Debug|x86.Build.0 = Debug|Any CPU
		{1E59CCA1-9156-4F4A-92A6-BE1EF5EFBE29}.Release|Any CPU.ActiveCfg = Release|Any CPU
		{1E59CCA1-9156-4F4A-92A6-BE1EF5EFBE29}.Release|Any CPU.Build.0 = Release|Any CPU
		{1E59CCA1-9156-4F4A-92A6-BE1EF5EFBE29}.Release|x64.ActiveCfg = Release|Any CPU
		{1E59CCA1-9156-4F4A-92A6-BE1EF5EFBE29}.Release|x64.Build.0 = Release|Any CPU
		{1E59CCA1-9156-4F4A-92A6-BE1EF5EFBE29}.Release|x86.ActiveCfg = Release|Any CPU
		{1E59CCA1-9156-4F4A-92A6-BE1EF5EFBE29}.Release|x86.Build.0 = Release|Any CPU
		{0F6C8AC0-1DAB-4E8D-B6F4-76DE298327F4}.Debug|Any CPU.ActiveCfg = Debug|Any CPU
		{0F6C8AC0-1DAB-4E8D-B6F4-76DE298327F4}.Debug|Any CPU.Build.0 = Debug|Any CPU
		{0F6C8AC0-1DAB-4E8D-B6F4-76DE298327F4}.Debug|x64.ActiveCfg = Debug|Any CPU
		{0F6C8AC0-1DAB-4E8D-B6F4-76DE298327F4}.Debug|x64.Build.0 = Debug|Any CPU
		{0F6C8AC0-1DAB-4E8D-B6F4-76DE298327F4}.Debug|x86.ActiveCfg = Debug|Any CPU
		{0F6C8AC0-1DAB-4E8D-B6F4-76DE298327F4}.Debug|x86.Build.0 = Debug|Any CPU
		{0F6C8AC0-1DAB-4E8D-B6F4-76DE298327F4}.Release|Any CPU.ActiveCfg = Release|Any CPU
		{0F6C8AC0-1DAB-4E8D-B6F4-76DE298327F4}.Release|Any CPU.Build.0 = Release|Any CPU
		{0F6C8AC0-1DAB-4E8D-B6F4-76DE298327F4}.Release|x64.ActiveCfg = Release|Any CPU
		{0F6C8AC0-1DAB-4E8D-B6F4-76DE298327F4}.Release|x64.Build.0 = Release|Any CPU
		{0F6C8AC0-1DAB-4E8D-B6F4-76DE298327F4}.Release|x86.ActiveCfg = Release|Any CPU
		{0F6C8AC0-1DAB-4E8D-B6F4-76DE298327F4}.Release|x86.Build.0 = Release|Any CPU
		{27B5F324-2109-4632-87A2-9BDD83B51EED}.Debug|Any CPU.ActiveCfg = Debug|Any CPU
		{27B5F324-2109-4632-87A2-9BDD83B51EED}.Debug|Any CPU.Build.0 = Debug|Any CPU
		{27B5F324-2109-4632-87A2-9BDD83B51EED}.Debug|x64.ActiveCfg = Debug|Any CPU
		{27B5F324-2109-4632-87A2-9BDD83B51EED}.Debug|x64.Build.0 = Debug|Any CPU
		{27B5F324-2109-4632-87A2-9BDD83B51EED}.Debug|x86.ActiveCfg = Debug|Any CPU
		{27B5F324-2109-4632-87A2-9BDD83B51EED}.Debug|x86.Build.0 = Debug|Any CPU
		{27B5F324-2109-4632-87A2-9BDD83B51EED}.Release|Any CPU.ActiveCfg = Release|Any CPU
		{27B5F324-2109-4632-87A2-9BDD83B51EED}.Release|Any CPU.Build.0 = Release|Any CPU
		{27B5F324-2109-4632-87A2-9BDD83B51EED}.Release|x64.ActiveCfg = Release|Any CPU
		{27B5F324-2109-4632-87A2-9BDD83B51EED}.Release|x64.Build.0 = Release|Any CPU
		{27B5F324-2109-4632-87A2-9BDD83B51EED}.Release|x86.ActiveCfg = Release|Any CPU
		{27B5F324-2109-4632-87A2-9BDD83B51EED}.Release|x86.Build.0 = Release|Any CPU
		{1DC7EC58-D61D-400F-A7A2-022F37C39EEA}.Debug|Any CPU.ActiveCfg = Debug|Any CPU
		{1DC7EC58-D61D-400F-A7A2-022F37C39EEA}.Debug|Any CPU.Build.0 = Debug|Any CPU
		{1DC7EC58-D61D-400F-A7A2-022F37C39EEA}.Debug|x64.ActiveCfg = Debug|Any CPU
		{1DC7EC58-D61D-400F-A7A2-022F37C39EEA}.Debug|x64.Build.0 = Debug|Any CPU
		{1DC7EC58-D61D-400F-A7A2-022F37C39EEA}.Debug|x86.ActiveCfg = Debug|Any CPU
		{1DC7EC58-D61D-400F-A7A2-022F37C39EEA}.Debug|x86.Build.0 = Debug|Any CPU
		{1DC7EC58-D61D-400F-A7A2-022F37C39EEA}.Release|Any CPU.ActiveCfg = Release|Any CPU
		{1DC7EC58-D61D-400F-A7A2-022F37C39EEA}.Release|Any CPU.Build.0 = Release|Any CPU
		{1DC7EC58-D61D-400F-A7A2-022F37C39EEA}.Release|x64.ActiveCfg = Release|Any CPU
		{1DC7EC58-D61D-400F-A7A2-022F37C39EEA}.Release|x64.Build.0 = Release|Any CPU
		{1DC7EC58-D61D-400F-A7A2-022F37C39EEA}.Release|x86.ActiveCfg = Release|Any CPU
		{1DC7EC58-D61D-400F-A7A2-022F37C39EEA}.Release|x86.Build.0 = Release|Any CPU
		{C94EB117-6348-4432-920A-169DB5133271}.Debug|Any CPU.ActiveCfg = Debug|Any CPU
		{C94EB117-6348-4432-920A-169DB5133271}.Debug|Any CPU.Build.0 = Debug|Any CPU
		{C94EB117-6348-4432-920A-169DB5133271}.Debug|x64.ActiveCfg = Debug|Any CPU
		{C94EB117-6348-4432-920A-169DB5133271}.Debug|x64.Build.0 = Debug|Any CPU
		{C94EB117-6348-4432-920A-169DB5133271}.Debug|x86.ActiveCfg = Debug|Any CPU
		{C94EB117-6348-4432-920A-169DB5133271}.Debug|x86.Build.0 = Debug|Any CPU
		{C94EB117-6348-4432-920A-169DB5133271}.Release|Any CPU.ActiveCfg = Release|Any CPU
		{C94EB117-6348-4432-920A-169DB5133271}.Release|Any CPU.Build.0 = Release|Any CPU
		{C94EB117-6348-4432-920A-169DB5133271}.Release|x64.ActiveCfg = Release|Any CPU
		{C94EB117-6348-4432-920A-169DB5133271}.Release|x64.Build.0 = Release|Any CPU
		{C94EB117-6348-4432-920A-169DB5133271}.Release|x86.ActiveCfg = Release|Any CPU
		{C94EB117-6348-4432-920A-169DB5133271}.Release|x86.Build.0 = Release|Any CPU
	EndGlobalSection
	GlobalSection(SolutionProperties) = preSolution
		HideSolutionNode = FALSE
	EndGlobalSection
	GlobalSection(NestedProjects) = preSolution
		{4F4DF619-8EED-4FFE-B9FC-C21513266C40} = {827E0CD3-B72D-47B6-A68D-7590B98EB39B}
		{1E59CCA1-9156-4F4A-92A6-BE1EF5EFBE29} = {827E0CD3-B72D-47B6-A68D-7590B98EB39B}
		{0F6C8AC0-1DAB-4E8D-B6F4-76DE298327F4} = {827E0CD3-B72D-47B6-A68D-7590B98EB39B}
		{27B5F324-2109-4632-87A2-9BDD83B51EED} = {827E0CD3-B72D-47B6-A68D-7590B98EB39B}
		{1DC7EC58-D61D-400F-A7A2-022F37C39EEA} = {0AB3BF05-4346-4AA6-1389-037BE0695223}
		{C94EB117-6348-4432-920A-169DB5133271} = {827E0CD3-B72D-47B6-A68D-7590B98EB39B}
	EndGlobalSection
	GlobalSection(ExtensibilityGlobals) = postSolution
		SolutionGuid = {1F5F2DFD-8821-4353-9A41-FF1CE34C06BE}
	EndGlobalSection
EndGlobal
